# THIS IS AN AUTOGENERATED FILE. DO NOT EDIT THIS FILE DIRECTLY.
# yarn lockfile v1


"@aws-cdk/aws-ecr@^1.90.1":
  version "1.90.1"
  resolved "https://registry.yarnpkg.com/@aws-cdk/aws-ecr/-/aws-ecr-1.90.1.tgz#4bc4be087d711755787024e0c01074aa560af359"
  integrity sha512-QtYETqI8Ts2bbhAgwYmQ+40bmOqZd0fZ+8LW+VRLv3uA/9FukY2EufMqXTyjwfzlHlTpYo+9mm38JndT/T903g==
  dependencies:
    "@aws-cdk/aws-events" "1.90.1"
    "@aws-cdk/aws-iam" "1.90.1"
    "@aws-cdk/core" "1.90.1"
    constructs "^3.2.0"

"@aws-cdk/aws-events@1.90.1":
  version "1.90.1"
  resolved "https://registry.yarnpkg.com/@aws-cdk/aws-events/-/aws-events-1.90.1.tgz#c8be833c1d87d74ebec2cc48df969975534b2bcf"
  integrity sha512-wysfuLyL+L45XqR6Fnb0Jih3YktXs7fo0QYp/bNEMIBG3gXaK2k1mVceMWFxG/NGBwf+lD4rD5t3E3G8C1DVbQ==
  dependencies:
    "@aws-cdk/aws-iam" "1.90.1"
    "@aws-cdk/core" "1.90.1"
    constructs "^3.2.0"

"@aws-cdk/aws-iam@1.90.1":
  version "1.90.1"
  resolved "https://registry.yarnpkg.com/@aws-cdk/aws-iam/-/aws-iam-1.90.1.tgz#1ebce3848aba14ea49491bca2f32c649f5268137"
  integrity sha512-oRsDKe54v1a3R8BdAV2KpxdgnDlCoiRhfoCG3ujwOWfHBl/IgzgqHzab4hlMU1T67km8DAY833DVwKx9kkunVg==
  dependencies:
    "@aws-cdk/core" "1.90.1"
    "@aws-cdk/region-info" "1.90.1"
    constructs "^3.2.0"

"@aws-cdk/cloud-assembly-schema@1.90.1":
  version "1.90.1"
  resolved "https://registry.yarnpkg.com/@aws-cdk/cloud-assembly-schema/-/cloud-assembly-schema-1.90.1.tgz#b62faafe94aabfb95872fbf5754f223efe83a4c0"
  integrity sha512-dCapg6knHc+ShAICiPvSA2duzvNXD9RxQSKXbuiXYkGjiQPMIVhGAplyyZ/jzlbZEFk2MQjdlKzue6XU+sbigA==
  dependencies:
    jsonschema "^1.4.0"
    semver "^7.3.4"

"@aws-cdk/core@1.90.1":
  version "1.90.1"
  resolved "https://registry.yarnpkg.com/@aws-cdk/core/-/core-1.90.1.tgz#53678f1281b7e731ce93b35e86313f9630bbd234"
  integrity sha512-DJfPi0QY/gjPE240xY1JKWLxzGxjrotgWe1dxSQEW6qBJK0gck9UmtAfF+YAs4hqjJCrgaEZQBur16HANi/uMg==
  dependencies:
    "@aws-cdk/cloud-assembly-schema" "1.90.1"
    "@aws-cdk/cx-api" "1.90.1"
    "@aws-cdk/region-info" "1.90.1"
    "@balena/dockerignore" "^1.0.2"
    constructs "^3.2.0"
    fs-extra "^9.1.0"
    ignore "^5.1.8"
    minimatch "^3.0.4"

"@aws-cdk/cx-api@1.90.1":
  version "1.90.1"
  resolved "https://registry.yarnpkg.com/@aws-cdk/cx-api/-/cx-api-1.90.1.tgz#6975131a60220313e3057703945bd17b17430659"
  integrity sha512-x3a7dCeQ/zqCJJ3f3aHcJ1CJ1Uh6zofvtvxUfb6uObmhEii28oBAylmF6NCe87yKGwJ+h+nruKsgmuJQWEsj5g==
  dependencies:
    "@aws-cdk/cloud-assembly-schema" "1.90.1"
    semver "^7.3.4"

"@aws-cdk/region-info@1.90.1":
  version "1.90.1"
  resolved "https://registry.yarnpkg.com/@aws-cdk/region-info/-/region-info-1.90.1.tgz#40230ff1731c82e81f22bc173c9a3c681b553a89"
  integrity sha512-n7psm+RC535FJwh2e9pwCCQ3dQ1+/2LN5KfWnGiQWfsUWp7tuYHf+mXu8t/KNEsGkNWP5a9PRfGjdMjek9WsFg==

"@balena/dockerignore@^1.0.2":
  version "1.0.2"
  resolved "https://registry.yarnpkg.com/@balena/dockerignore/-/dockerignore-1.0.2.tgz#9ffe4726915251e8eb69f44ef3547e0da2c03e0d"
  integrity sha512-wMue2Sy4GAVTk6Ic4tJVcnfdau+gx2EnG7S+uAEe+TWJFqE4YoWN4/H8MSLj4eYJKxGg26lZwboEniNiNwZQ6Q==

at-least-node@^1.0.0:
  version "1.0.0"
  resolved "https://registry.yarnpkg.com/at-least-node/-/at-least-node-1.0.0.tgz#602cd4b46e844ad4effc92a8011a3c46e0238dc2"
  integrity sha512-+q/t7Ekv1EDY2l6Gda6LLiX14rU9TV20Wa3ofeQmwPFZbOMo9DXrLbOjFaaclkXKWidIaopwAObQDqwWtGUjqg==

balanced-match@^1.0.0:
  version "1.0.0"
  resolved "https://registry.yarnpkg.com/balanced-match/-/balanced-match-1.0.0.tgz#89b4d199ab2bee49de164ea02b89ce462d71b767"
  integrity sha1-ibTRmasr7kneFk6gK4nORi1xt2c=

brace-expansion@^1.1.7:
  version "1.1.11"
  resolved "https://registry.yarnpkg.com/brace-expansion/-/brace-expansion-1.1.11.tgz#3c7fcbf529d87226f3d2f52b966ff5271eb441dd"
  integrity sha512-iCuPHDFgrHX7H2vEI/5xpz07zSHB00TpugqhmYtVmMO6518mCuRMoOYFldEBl0g187ufozdaHgWKcYFb61qGiA==
  dependencies:
    balanced-match "^1.0.0"
    concat-map "0.0.1"

concat-map@0.0.1:
  version "0.0.1"
  resolved "https://registry.yarnpkg.com/concat-map/-/concat-map-0.0.1.tgz#d8a96bd77fd68df7793a73036a3ba0d5405d477b"
  integrity sha1-2Klr13/Wjfd5OnMDajug1UBdR3s=

constructs@^3.2.0:
  version "3.3.29"
  resolved "https://registry.yarnpkg.com/constructs/-/constructs-3.3.29.tgz#42d2fbc0d872a47701a70583a0d4356a3f11955c"
  integrity sha512-rGQzkq2M/qKZ0hMEtt4YPpsZKOwzmiyAQx3PqexXXsjdVnTqEfIwQuDpc+1jP6CtaBHl7rR6CxQcfsP5DmaERw==

fs-extra@^9.1.0:
  version "9.1.0"
  resolved "https://registry.yarnpkg.com/fs-extra/-/fs-extra-9.1.0.tgz#5954460c764a8da2094ba3554bf839e6b9a7c86d"
  integrity sha512-hcg3ZmepS30/7BSFqRvoo3DOMQu7IjqxO5nCDt+zM9XWjb33Wg7ziNT+Qvqbuc3+gWpzO02JubVyk2G4Zvo1OQ==
  dependencies:
    at-least-node "^1.0.0"
    graceful-fs "^4.2.0"
    jsonfile "^6.0.1"
    universalify "^2.0.0"

graceful-fs@^4.1.6, graceful-fs@^4.2.0:
  version "4.2.6"
  resolved "https://registry.yarnpkg.com/graceful-fs/-/graceful-fs-4.2.6.tgz#ff040b2b0853b23c3d31027523706f1885d76bee"
  integrity sha512-nTnJ528pbqxYanhpDYsi4Rd8MAeaBA67+RZ10CM1m3bTAVFEDcd5AuA4a6W5YkGZ1iNXHzZz8T6TBKLeBuNriQ==

ignore@^5.1.8:
  version "5.1.8"
  resolved "https://registry.yarnpkg.com/ignore/-/ignore-5.1.8.tgz#f150a8b50a34289b33e22f5889abd4d8016f0e57"
  integrity sha512-BMpfD7PpiETpBl/A6S498BaIJ6Y/ABT93ETbby2fP00v4EbvPBXWEoaR1UBPKs3iR53pJY7EtZk5KACI57i1Uw==

jsonfile@^6.0.1:
  version "6.1.0"
  resolved "https://registry.yarnpkg.com/jsonfile/-/jsonfile-6.1.0.tgz#bc55b2634793c679ec6403094eb13698a6ec0aae"
  integrity sha512-5dgndWOriYSm5cnYaJNhalLNDKOqFwyDB/rr1E9ZsGciGvKPs8R2xYGCacuf3z6K1YKDz182fd+fY3cn3pMqXQ==
  dependencies:
    universalify "^2.0.0"
  optionalDependencies:
    graceful-fs "^4.1.6"

jsonschema@^1.4.0:
  version "1.4.0"
  resolved "https://registry.yarnpkg.com/jsonschema/-/jsonschema-1.4.0.tgz#1afa34c4bc22190d8e42271ec17ac8b3404f87b2"
  integrity sha512-/YgW6pRMr6M7C+4o8kS+B/2myEpHCrxO4PEWnqJNBFMjn7EWXqlQ4tGwL6xTHeRplwuZmcAncdvfOad1nT2yMw==

lru-cache@^6.0.0:
  version "6.0.0"
  resolved "https://registry.yarnpkg.com/lru-cache/-/lru-cache-6.0.0.tgz#6d6fe6570ebd96aaf90fcad1dafa3b2566db3a94"
  integrity sha512-Jo6dJ04CmSjuznwJSS3pUeWmd/H0ffTlkXXgwZi+eq1UCmqQwCh+eLsYOYCwY991i2Fah4h1BEMCx4qThGbsiA==
  dependencies:
    yallist "^4.0.0"

minimatch@^3.0.4:
  version "3.0.4"
  resolved "https://registry.yarnpkg.com/minimatch/-/minimatch-3.0.4.tgz#5166e286457f03306064be5497e8dbb0c3d32083"
  integrity sha512-yJHVQEhyqPLUTgt9B83PXu6W3rx4MvvHvSUvToogpwoGDOUQ+yDrR0HRot+yOCdCO7u4hX3pWft6kWBBcqh0UA==
  dependencies:
    brace-expansion "^1.1.7"

semver@^7.3.4:
  version "7.3.4"
  resolved "https://registry.yarnpkg.com/semver/-/semver-7.3.4.tgz#27aaa7d2e4ca76452f98d3add093a72c943edc97"
  integrity sha512-tCfb2WLjqFAtXn4KEdxIhalnRtoKFN7nAwj0B3ZXCbQloV2tq5eDbcTmT68JJD3nRJq24/XgxtQKFIpQdtvmVw==
  dependencies:
    lru-cache "^6.0.0"

universalify@^2.0.0:
  version "2.0.0"
  resolved "https://registry.yarnpkg.com/universalify/-/universalify-2.0.0.tgz#75a4984efedc4b08975c5aeb73f530d02df25717"
  integrity sha512-hAZsKq7Yy11Zu1DE0OzWjw7nnLZmJZYTDZZyEFHZdUhV8FkH5MCfoU1XMaxXovpyW5nq5scPqq0ZDP9Zyl04oQ==

yallist@^4.0.0:
  version "4.0.0"
  resolved "https://registry.yarnpkg.com/yallist/-/yallist-4.0.0.tgz#9bb92790d9c0effec63be73519e11a35019a3a72"
  integrity sha512-3wdGidZyq5PB084XLES5TpOSRA3wjXAlIWMhum2kRcv/41Sn2emQ0dycQW4uZXLejwKvg6EsvbdlVL+FYEct7A==
